
Microsoft Visual Studio Solution File, Format Version 12.00
# Visual Studio Version 17
VisualStudioVersion = 17.7.34018.315
MinimumVisualStudioVersion = 10.0.40219.1
Project("{FAE04EC0-301F-11D3-BF4B-00C04F79EFBC}") = "ea3-poo1-cesmac", "ea3-poo1-cesmac.csproj", "{0796058C-A1E6-4569-85C4-FEA3FA1235EC}"
EndProject
Global
	GlobalSection(SolutionConfigurationPlatforms) = preSolution
		Debug|Any CPU = Debug|Any CPU
		Release|Any CPU = Release|Any CPU
	EndGlobalSection
	GlobalSection(ProjectConfigurationPlatforms) = postSolution
		{0796058C-A1E6-4569-85C4-FEA3FA1235EC}.Debug|Any CPU.ActiveCfg = Debug|Any CPU
		{0796058C-A1E6-4569-85C4-FEA3FA1235EC}.Debug|Any CPU.Build.0 = Debug|Any CPU
		{0796058C-A1E6-4569-85C4-FEA3FA1235EC}.Release|Any CPU.ActiveCfg = Release|Any CPU
		{0796058C-A1E6-4569-85C4-FEA3FA1235EC}.Release|Any CPU.Build.0 = Release|Any CPU
	EndGlobalSection
	GlobalSection(SolutionProperties) = preSolution
		HideSolutionNode = FALSE
	EndGlobalSection
	GlobalSection(ExtensibilityGlobals) = postSolution
		SolutionGuid = {26E67737-473A-4CB3-901D-76A33A278231}
	EndGlobalSection
EndGlobal
